
Microsoft Visual Studio Solution File, Format Version 12.00
# Visual Studio Version 17
VisualStudioVersion = 17.9.34723.18
MinimumVisualStudioVersion = 10.0.40219.1
Project("{9A19103F-16F7-4668-BE54-9A1E7A4F7556}") = "Habit360.Api", "Habit360.Api\Habit360.Api.csproj", "{D84A2A01-FE13-4892-9A42-6B10DFFB5A95}"
EndProject
Project("{9A19103F-16F7-4668-BE54-9A1E7A4F7556}") = "Habit360.Domain", "Habit360.Domain\Habit360.Domain.csproj", "{40615062-0B33-466F-A47A-89D1986FC272}"
EndProject
Project("{9A19103F-16F7-4668-BE54-9A1E7A4F7556}") = "Habit360.Infra", "Hbit360.Infra\Habit360.Infra.csproj", "{17E4117A-DCFE-444D-B41F-240A01EEFCA6}"
EndProject
Global
	GlobalSection(SolutionConfigurationPlatforms) = preSolution
		Debug|Any CPU = Debug|Any CPU
		Release|Any CPU = Release|Any CPU
	EndGlobalSection
	GlobalSection(ProjectConfigurationPlatforms) = postSolution
		{D84A2A01-FE13-4892-9A42-6B10DFFB5A95}.Debug|Any CPU.ActiveCfg = Debug|Any CPU
		{D84A2A01-FE13-4892-9A42-6B10DFFB5A95}.Debug|Any CPU.Build.0 = Debug|Any CPU
		{D84A2A01-FE13-4892-9A42-6B10DFFB5A95}.Release|Any CPU.ActiveCfg = Release|Any CPU
		{D84A2A01-FE13-4892-9A42-6B10DFFB5A95}.Release|Any CPU.Build.0 = Release|Any CPU
		{40615062-0B33-466F-A47A-89D1986FC272}.Debug|Any CPU.ActiveCfg = Debug|Any CPU
		{40615062-0B33-466F-A47A-89D1986FC272}.Debug|Any CPU.Build.0 = Debug|Any CPU
		{40615062-0B33-466F-A47A-89D1986FC272}.Release|Any CPU.ActiveCfg = Release|Any CPU
		{40615062-0B33-466F-A47A-89D1986FC272}.Release|Any CPU.Build.0 = Release|Any CPU
		{17E4117A-DCFE-444D-B41F-240A01EEFCA6}.Debug|Any CPU.ActiveCfg = Debug|Any CPU
		{17E4117A-DCFE-444D-B41F-240A01EEFCA6}.Debug|Any CPU.Build.0 = Debug|Any CPU
		{17E4117A-DCFE-444D-B41F-240A01EEFCA6}.Release|Any CPU.ActiveCfg = Release|Any CPU
		{17E4117A-DCFE-444D-B41F-240A01EEFCA6}.Release|Any CPU.Build.0 = Release|Any CPU
	EndGlobalSection
	GlobalSection(SolutionProperties) = preSolution
		HideSolutionNode = FALSE
	EndGlobalSection
	GlobalSection(ExtensibilityGlobals) = postSolution
		SolutionGuid = {7876DF83-CF39-43E1-8B55-E238E82E7B6A}
	EndGlobalSection
EndGlobal
